{
  "name": "quickroute",
  "version": "1.0.0",
  "lockfileVersion": 3,
  "requires": true,
  "packages": {
    "": {
      "name": "quickroute",
      "version": "1.0.0",
      "license": "MIT",
      "dependencies": {
        "lint": "^1.1.2"
      }
    },
    "node_modules/lint": {
      "version": "1.1.2",
      "resolved": "https://registry.npmjs.org/lint/-/lint-1.1.2.tgz",
      "integrity": "sha512-kOzKdN0iSdkx57102MxZd64yn32rHaB6xqBMN3hyCRiBV2xiurM75XWvTHWNK/SJBCddHPhjDLV+kNr3Uf1MGg==",
      "bin": {
        "node-lint": "bin/node-lint"
      },
      "engines": {
        "node": ">=0.4.0"
      }
    }
  }
}
